// !$*UTF8*$!
{
	archiveVersion = 1;
	classes = {
	};
	objectVersion = 46;
	objects = {

/* Begin PBXBuildFile section */
		7507081A1DF80A7700D21D49 /* main.m in Sources */ = {isa = PBXBuildFile; fileRef = 750708191DF80A7700D21D49 /* main.m */; };
		7507081D1DF80A7700D21D49 /* AppDelegate.m in Sources */ = {isa = PBXBuildFile; fileRef = 7507081C1DF80A7700D21D49 /* AppDelegate.m */; };
		750708201DF80A7700D21D49 /* ViewController.m in Sources */ = {isa = PBXBuildFile; fileRef = 7507081F1DF80A7700D21D49 /* ViewController.m */; };
		750708231DF80A7700D21D49 /* Main.storyboard in Resources */ = {isa = PBXBuildFile; fileRef = 750708211DF80A7700D21D49 /* Main.storyboard */; };
		750708251DF80A7700D21D49 /* Assets.xcassets in Resources */ = {isa = PBXBuildFile; fileRef = 750708241DF80A7700D21D49 /* Assets.xcassets */; };
		750708281DF80A7700D21D49 /* LaunchScreen.storyboard in Resources */ = {isa = PBXBuildFile; fileRef = 750708261DF80A7700D21D49 /* LaunchScreen.storyboard */; };
		750708331DF80A7700D21D49 /* MMComboBoxDemoTests.m in Sources */ = {isa = PBXBuildFile; fileRef = 750708321DF80A7700D21D49 /* MMComboBoxDemoTests.m */; };
		7507083E1DF80A7700D21D49 /* MMComboBoxDemoUITests.m in Sources */ = {isa = PBXBuildFile; fileRef = 7507083D1DF80A7700D21D49 /* MMComboBoxDemoUITests.m */; };
		7507084E1DF80B1F00D21D49 /* MMBasePopupView.m in Sources */ = {isa = PBXBuildFile; fileRef = 7507084D1DF80B1F00D21D49 /* MMBasePopupView.m */; };
		750708551DF80BBF00D21D49 /* MMItem.m in Sources */ = {isa = PBXBuildFile; fileRef = 750708541DF80BBF00D21D49 /* MMItem.m */; };
		750708581DF80D5C00D21D49 /* MMBaseItem.m in Sources */ = {isa = PBXBuildFile; fileRef = 750708571DF80D5C00D21D49 /* MMBaseItem.m */; };
		7507085B1DF810F800D21D49 /* MMAlternativeItem.m in Sources */ = {isa = PBXBuildFile; fileRef = 7507085A1DF810F800D21D49 /* MMAlternativeItem.m */; };
		7507085E1DF8EA0500D21D49 /* MMDropDownBox.m in Sources */ = {isa = PBXBuildFile; fileRef = 7507085D1DF8EA0500D21D49 /* MMDropDownBox.m */; };
		750708611DF8EA2600D21D49 /* MMComBoBoxView.m in Sources */ = {isa = PBXBuildFile; fileRef = 750708601DF8EA2600D21D49 /* MMComBoBoxView.m */; };
		750708751DF8EAFD00D21D49 /* UIColor+Extension.m in Sources */ = {isa = PBXBuildFile; fileRef = 7507086F1DF8EAFD00D21D49 /* UIColor+Extension.m */; };
		750708761DF8EAFD00D21D49 /* UIView+Extension.m in Sources */ = {isa = PBXBuildFile; fileRef = 750708711DF8EAFD00D21D49 /* UIView+Extension.m */; };
		750708B91DF94A9400D21D49 /* MMSingleFitlerView.m in Sources */ = {isa = PBXBuildFile; fileRef = 750708B81DF94A9400D21D49 /* MMSingleFitlerView.m */; };
		750708BC1DF94AD100D21D49 /* MMMultiFitlerView.m in Sources */ = {isa = PBXBuildFile; fileRef = 750708BB1DF94AD100D21D49 /* MMMultiFitlerView.m */; };
		750708BF1DF94B1900D21D49 /* MMCombinationFitlerView.m in Sources */ = {isa = PBXBuildFile; fileRef = 750708BE1DF94B1900D21D49 /* MMCombinationFitlerView.m */; };
		750708C21DFA816500D21D49 /* MMNormalCell.m in Sources */ = {isa = PBXBuildFile; fileRef = 750708C11DFA816500D21D49 /* MMNormalCell.m */; };
		750708C51DFA859600D21D49 /* list_selected@2x.png in Resources */ = {isa = PBXBuildFile; fileRef = 750708C41DFA859600D21D49 /* list_selected@2x.png */; };
		750708C81DFE490E00D21D49 /* pullup.png in Resources */ = {isa = PBXBuildFile; fileRef = 750708C61DFE490E00D21D49 /* pullup.png */; };
		750708C91DFE490E00D21D49 /* pulldown.png in Resources */ = {isa = PBXBuildFile; fileRef = 750708C71DFE490E00D21D49 /* pulldown.png */; };
		750708CC1DFFC91400D21D49 /* MMLeftCell.m in Sources */ = {isa = PBXBuildFile; fileRef = 750708CB1DFFC91400D21D49 /* MMLeftCell.m */; };
		7547C68A1E00D6BC00DD0398 /* MMSelectedPath.m in Sources */ = {isa = PBXBuildFile; fileRef = 7547C6891E00D6BC00DD0398 /* MMSelectedPath.m */; };
		755759431E0BD210009B8E96 /* 1.jpg in Resources */ = {isa = PBXBuildFile; fileRef = 755759421E0BD210009B8E96 /* 1.jpg */; };
		75F760B01E03D4AE00487438 /* MMLayout.m in Sources */ = {isa = PBXBuildFile; fileRef = 75F760AF1E03D4AE00487438 /* MMLayout.m */; };
		75F9B3411E08BA9B00E12FF3 /* MMCombineCell.m in Sources */ = {isa = PBXBuildFile; fileRef = 75F9B3401E08BA9B00E12FF3 /* MMCombineCell.m */; };
		75F9B3441E08C01700E12FF3 /* MMHeaderView.m in Sources */ = {isa = PBXBuildFile; fileRef = 75F9B3431E08C01700E12FF3 /* MMHeaderView.m */; };
/* End PBXBuildFile section */

/* Begin PBXContainerItemProxy section */
		7507082F1DF80A7700D21D49 /* PBXContainerItemProxy */ = {
			isa = PBXContainerItemProxy;
			containerPortal = 7507080D1DF80A7700D21D49 /* Project object */;
			proxyType = 1;
			remoteGlobalIDString = 750708141DF80A7700D21D49;
			remoteInfo = MMComboBoxDemo;
		};
		7507083A1DF80A7700D21D49 /* PBXContainerItemProxy */ = {
			isa = PBXContainerItemProxy;
			containerPortal = 7507080D1DF80A7700D21D49 /* Project object */;
			proxyType = 1;
			remoteGlobalIDString = 750708141DF80A7700D21D49;
			remoteInfo = MMComboBoxDemo;
		};
/* End PBXContainerItemProxy section */

/* Begin PBXFileReference section */
		750708151DF80A7700D21D49 /* MMComboBoxDemo.app */ = {isa = PBXFileReference; explicitFileType = wrapper.application; includeInIndex = 0; path = MMComboBoxDemo.app; sourceTree = BUILT_PRODUCTS_DIR; };
		750708191DF80A7700D21D49 /* main.m */ = {isa = PBXFileReference; lastKnownFileType = sourcecode.c.objc; path = main.m; sourceTree = "<group>"; };
		7507081B1DF80A7700D21D49 /* AppDelegate.h */ = {isa = PBXFileReference; lastKnownFileType = sourcecode.c.h; path = AppDelegate.h; sourceTree = "<group>"; };
		7507081C1DF80A7700D21D49 /* AppDelegate.m */ = {isa = PBXFileReference; lastKnownFileType = sourcecode.c.objc; path = AppDelegate.m; sourceTree = "<group>"; };
		7507081E1DF80A7700D21D49 /* ViewController.h */ = {isa = PBXFileReference; lastKnownFileType = sourcecode.c.h; path = ViewController.h; sourceTree = "<group>"; };
		7507081F1DF80A7700D21D49 /* ViewController.m */ = {isa = PBXFileReference; lastKnownFileType = sourcecode.c.objc; path = ViewController.m; sourceTree = "<group>"; };
		750708221DF80A7700D21D49 /* Base */ = {isa = PBXFileReference; lastKnownFileType = file.storyboard; name = Base; path = Base.lproj/Main.storyboard; sourceTree = "<group>"; };
		750708241DF80A7700D21D49 /* Assets.xcassets */ = {isa = PBXFileReference; lastKnownFileType = folder.assetcatalog; path = Assets.xcassets; sourceTree = "<group>"; };
		750708271DF80A7700D21D49 /* Base */ = {isa = PBXFileReference; lastKnownFileType = file.storyboard; name = Base; path = Base.lproj/LaunchScreen.storyboard; sourceTree = "<group>"; };
		750708291DF80A7700D21D49 /* Info.plist */ = {isa = PBXFileReference; lastKnownFileType = text.plist.xml; path = Info.plist; sourceTree = "<group>"; };
		7507082E1DF80A7700D21D49 /* MMComboBoxDemoTests.xctest */ = {isa = PBXFileReference; explicitFileType = wrapper.cfbundle; includeInIndex = 0; path = MMComboBoxDemoTests.xctest; sourceTree = BUILT_PRODUCTS_DIR; };
		750708321DF80A7700D21D49 /* MMComboBoxDemoTests.m */ = {isa = PBXFileReference; lastKnownFileType = sourcecode.c.objc; path = MMComboBoxDemoTests.m; sourceTree = "<group>"; };
		750708341DF80A7700D21D49 /* Info.plist */ = {isa = PBXFileReference; lastKnownFileType = text.plist.xml; path = Info.plist; sourceTree = "<group>"; };
		750708391DF80A7700D21D49 /* MMComboBoxDemoUITests.xctest */ = {isa = PBXFileReference; explicitFileType = wrapper.cfbundle; includeInIndex = 0; path = MMComboBoxDemoUITests.xctest; sourceTree = BUILT_PRODUCTS_DIR; };
		7507083D1DF80A7700D21D49 /* MMComboBoxDemoUITests.m */ = {isa = PBXFileReference; lastKnownFileType = sourcecode.c.objc; path = MMComboBoxDemoUITests.m; sourceTree = "<group>"; };
		7507083F1DF80A7700D21D49 /* Info.plist */ = {isa = PBXFileReference; lastKnownFileType = text.plist.xml; path = Info.plist; sourceTree = "<group>"; };
		7507084C1DF80B1F00D21D49 /* MMBasePopupView.h */ = {isa = PBXFileReference; fileEncoding = 4; lastKnownFileType = sourcecode.c.h; path = MMBasePopupView.h; sourceTree = "<group>"; };
		7507084D1DF80B1F00D21D49 /* MMBasePopupView.m */ = {isa = PBXFileReference; fileEncoding = 4; lastKnownFileType = sourcecode.c.objc; path = MMBasePopupView.m; sourceTree = "<group>"; };
		750708531DF80BBF00D21D49 /* MMItem.h */ = {isa = PBXFileReference; fileEncoding = 4; lastKnownFileType = sourcecode.c.h; path = MMItem.h; sourceTree = "<group>"; };
		750708541DF80BBF00D21D49 /* MMItem.m */ = {isa = PBXFileReference; fileEncoding = 4; lastKnownFileType = sourcecode.c.objc; path = MMItem.m; sourceTree = "<group>"; };
		750708561DF80D5C00D21D49 /* MMBaseItem.h */ = {isa = PBXFileReference; fileEncoding = 4; lastKnownFileType = sourcecode.c.h; path = MMBaseItem.h; sourceTree = "<group>"; };
		750708571DF80D5C00D21D49 /* MMBaseItem.m */ = {isa = PBXFileReference; fileEncoding = 4; lastKnownFileType = sourcecode.c.objc; path = MMBaseItem.m; sourceTree = "<group>"; };
		750708591DF810F800D21D49 /* MMAlternativeItem.h */ = {isa = PBXFileReference; fileEncoding = 4; lastKnownFileType = sourcecode.c.h; path = MMAlternativeItem.h; sourceTree = "<group>"; };
		7507085A1DF810F800D21D49 /* MMAlternativeItem.m */ = {isa = PBXFileReference; fileEncoding = 4; lastKnownFileType = sourcecode.c.objc; path = MMAlternativeItem.m; sourceTree = "<group>"; };
		7507085C1DF8EA0500D21D49 /* MMDropDownBox.h */ = {isa = PBXFileReference; fileEncoding = 4; lastKnownFileType = sourcecode.c.h; path = MMDropDownBox.h; sourceTree = "<group>"; };
		7507085D1DF8EA0500D21D49 /* MMDropDownBox.m */ = {isa = PBXFileReference; fileEncoding = 4; lastKnownFileType = sourcecode.c.objc; path = MMDropDownBox.m; sourceTree = "<group>"; };
		7507085F1DF8EA2600D21D49 /* MMComBoBoxView.h */ = {isa = PBXFileReference; fileEncoding = 4; lastKnownFileType = sourcecode.c.h; path = MMComBoBoxView.h; sourceTree = "<group>"; };
		750708601DF8EA2600D21D49 /* MMComBoBoxView.m */ = {isa = PBXFileReference; fileEncoding = 4; lastKnownFileType = sourcecode.c.objc; path = MMComBoBoxView.m; sourceTree = "<group>"; };
		7507086E1DF8EAFD00D21D49 /* UIColor+Extension.h */ = {isa = PBXFileReference; fileEncoding = 4; lastKnownFileType = sourcecode.c.h; path = "UIColor+Extension.h"; sourceTree = "<group>"; };
		7507086F1DF8EAFD00D21D49 /* UIColor+Extension.m */ = {isa = PBXFileReference; fileEncoding = 4; lastKnownFileType = sourcecode.c.objc; path = "UIColor+Extension.m"; sourceTree = "<group>"; };
		750708701DF8EAFD00D21D49 /* UIView+Extension.h */ = {isa = PBXFileReference; fileEncoding = 4; lastKnownFileType = sourcecode.c.h; path = "UIView+Extension.h"; sourceTree = "<group>"; };
		750708711DF8EAFD00D21D49 /* UIView+Extension.m */ = {isa = PBXFileReference; fileEncoding = 4; lastKnownFileType = sourcecode.c.objc; path = "UIView+Extension.m"; sourceTree = "<group>"; };
		750708731DF8EAFD00D21D49 /* MMHeader.h */ = {isa = PBXFileReference; fileEncoding = 4; lastKnownFileType = sourcecode.c.h; path = MMHeader.h; sourceTree = "<group>"; };
		750708B71DF94A9400D21D49 /* MMSingleFitlerView.h */ = {isa = PBXFileReference; fileEncoding = 4; lastKnownFileType = sourcecode.c.h; path = MMSingleFitlerView.h; sourceTree = "<group>"; };
		750708B81DF94A9400D21D49 /* MMSingleFitlerView.m */ = {isa = PBXFileReference; fileEncoding = 4; lastKnownFileType = sourcecode.c.objc; path = MMSingleFitlerView.m; sourceTree = "<group>"; };
		750708BA1DF94AD100D21D49 /* MMMultiFitlerView.h */ = {isa = PBXFileReference; fileEncoding = 4; lastKnownFileType = sourcecode.c.h; path = MMMultiFitlerView.h; sourceTree = "<group>"; };
		750708BB1DF94AD100D21D49 /* MMMultiFitlerView.m */ = {isa = PBXFileReference; fileEncoding = 4; lastKnownFileType = sourcecode.c.objc; path = MMMultiFitlerView.m; sourceTree = "<group>"; };
		750708BD1DF94B1900D21D49 /* MMCombinationFitlerView.h */ = {isa = PBXFileReference; fileEncoding = 4; lastKnownFileType = sourcecode.c.h; path = MMCombinationFitlerView.h; sourceTree = "<group>"; };
		750708BE1DF94B1900D21D49 /* MMCombinationFitlerView.m */ = {isa = PBXFileReference; fileEncoding = 4; lastKnownFileType = sourcecode.c.objc; path = MMCombinationFitlerView.m; sourceTree = "<group>"; };
		750708C01DFA816500D21D49 /* MMNormalCell.h */ = {isa = PBXFileReference; fileEncoding = 4; lastKnownFileType = sourcecode.c.h; path = MMNormalCell.h; sourceTree = "<group>"; };
		750708C11DFA816500D21D49 /* MMNormalCell.m */ = {isa = PBXFileReference; fileEncoding = 4; lastKnownFileType = sourcecode.c.objc; path = MMNormalCell.m; sourceTree = "<group>"; };
		750708C41DFA859600D21D49 /* list_selected@2x.png */ = {isa = PBXFileReference; lastKnownFileType = image.png; path = "list_selected@2x.png"; sourceTree = "<group>"; };
		750708C61DFE490E00D21D49 /* pullup.png */ = {isa = PBXFileReference; lastKnownFileType = image.png; path = pullup.png; sourceTree = "<group>"; };
		750708C71DFE490E00D21D49 /* pulldown.png */ = {isa = PBXFileReference; lastKnownFileType = image.png; path = pulldown.png; sourceTree = "<group>"; };
		750708CA1DFFC91300D21D49 /* MMLeftCell.h */ = {isa = PBXFileReference; fileEncoding = 4; lastKnownFileType = sourcecode.c.h; path = MMLeftCell.h; sourceTree = "<group>"; };
		750708CB1DFFC91400D21D49 /* MMLeftCell.m */ = {isa = PBXFileReference; fileEncoding = 4; lastKnownFileType = sourcecode.c.objc; path = MMLeftCell.m; sourceTree = "<group>"; };
		7547C6881E00D6BC00DD0398 /* MMSelectedPath.h */ = {isa = PBXFileReference; fileEncoding = 4; lastKnownFileType = sourcecode.c.h; path = MMSelectedPath.h; sourceTree = "<group>"; };
		7547C6891E00D6BC00DD0398 /* MMSelectedPath.m */ = {isa = PBXFileReference; fileEncoding = 4; lastKnownFileType = sourcecode.c.objc; path = MMSelectedPath.m; sourceTree = "<group>"; };
		755759421E0BD210009B8E96 /* 1.jpg */ = {isa = PBXFileReference; lastKnownFileType = image.jpeg; path = 1.jpg; sourceTree = "<group>"; };
		75F760AE1E03D4AE00487438 /* MMLayout.h */ = {isa = PBXFileReference; fileEncoding = 4; lastKnownFileType = sourcecode.c.h; path = MMLayout.h; sourceTree = "<group>"; };
		75F760AF1E03D4AE00487438 /* MMLayout.m */ = {isa = PBXFileReference; fileEncoding = 4; lastKnownFileType = sourcecode.c.objc; path = MMLayout.m; sourceTree = "<group>"; };
		75F9B33F1E08BA9B00E12FF3 /* MMCombineCell.h */ = {isa = PBXFileReference; fileEncoding = 4; lastKnownFileType = sourcecode.c.h; path = MMCombineCell.h; sourceTree = "<group>"; };
		75F9B3401E08BA9B00E12FF3 /* MMCombineCell.m */ = {isa = PBXFileReference; fileEncoding = 4; lastKnownFileType = sourcecode.c.objc; path = MMCombineCell.m; sourceTree = "<group>"; };
		75F9B3421E08C01700E12FF3 /* MMHeaderView.h */ = {isa = PBXFileReference; fileEncoding = 4; lastKnownFileType = sourcecode.c.h; path = MMHeaderView.h; sourceTree = "<group>"; };
		75F9B3431E08C01700E12FF3 /* MMHeaderView.m */ = {isa = PBXFileReference; fileEncoding = 4; lastKnownFileType = sourcecode.c.objc; path = MMHeaderView.m; sourceTree = "<group>"; };
/* End PBXFileReference section */

/* Begin PBXFrameworksBuildPhase section */
		750708121DF80A7700D21D49 /* Frameworks */ = {
			isa = PBXFrameworksBuildPhase;
			buildActionMask = 2147483647;
			files = (
			);
			runOnlyForDeploymentPostprocessing = 0;
		};
		7507082B1DF80A7700D21D49 /* Frameworks */ = {
			isa = PBXFrameworksBuildPhase;
			buildActionMask = 2147483647;
			files = (
			);
			runOnlyForDeploymentPostprocessing = 0;
		};
		750708361DF80A7700D21D49 /* Frameworks */ = {
			isa = PBXFrameworksBuildPhase;
			buildActionMask = 2147483647;
			files = (
			);
			runOnlyForDeploymentPostprocessing = 0;
		};
/* End PBXFrameworksBuildPhase section */

/* Begin PBXGroup section */
		7507080C1DF80A7700D21D49 = {
			isa = PBXGroup;
			children = (
				750708171DF80A7700D21D49 /* MMComboBoxDemo */,
				750708311DF80A7700D21D49 /* MMComboBoxDemoTests */,
				7507083C1DF80A7700D21D49 /* MMComboBoxDemoUITests */,
				750708161DF80A7700D21D49 /* Products */,
			);
			sourceTree = "<group>";
		};
		750708161DF80A7700D21D49 /* Products */ = {
			isa = PBXGroup;
			children = (
				750708151DF80A7700D21D49 /* MMComboBoxDemo.app */,
				7507082E1DF80A7700D21D49 /* MMComboBoxDemoTests.xctest */,
				750708391DF80A7700D21D49 /* MMComboBoxDemoUITests.xctest */,
			);
			name = Products;
			sourceTree = "<group>";
		};
		750708171DF80A7700D21D49 /* MMComboBoxDemo */ = {
			isa = PBXGroup;
			children = (
				750708C31DFA858E00D21D49 /* Image */,
				7507086B1DF8EAFD00D21D49 /* MMCategory */,
				750708721DF8EAFD00D21D49 /* MMHeader */,
				7507084F1DF80B6C00D21D49 /* Model */,
				7507084B1DF80AE000D21D49 /* View */,
				7507081B1DF80A7700D21D49 /* AppDelegate.h */,
				7507081C1DF80A7700D21D49 /* AppDelegate.m */,
				7507081E1DF80A7700D21D49 /* ViewController.h */,
				7507081F1DF80A7700D21D49 /* ViewController.m */,
				750708211DF80A7700D21D49 /* Main.storyboard */,
				750708241DF80A7700D21D49 /* Assets.xcassets */,
				750708261DF80A7700D21D49 /* LaunchScreen.storyboard */,
				750708291DF80A7700D21D49 /* Info.plist */,
				750708181DF80A7700D21D49 /* Supporting Files */,
			);
			path = MMComboBoxDemo;
			sourceTree = "<group>";
		};
		750708181DF80A7700D21D49 /* Supporting Files */ = {
			isa = PBXGroup;
			children = (
				750708191DF80A7700D21D49 /* main.m */,
			);
			name = "Supporting Files";
			sourceTree = "<group>";
		};
		750708311DF80A7700D21D49 /* MMComboBoxDemoTests */ = {
			isa = PBXGroup;
			children = (
				750708321DF80A7700D21D49 /* MMComboBoxDemoTests.m */,
				750708341DF80A7700D21D49 /* Info.plist */,
			);
			path = MMComboBoxDemoTests;
			sourceTree = "<group>";
		};
		7507083C1DF80A7700D21D49 /* MMComboBoxDemoUITests */ = {
			isa = PBXGroup;
			children = (
				7507083D1DF80A7700D21D49 /* MMComboBoxDemoUITests.m */,
				7507083F1DF80A7700D21D49 /* Info.plist */,
			);
			path = MMComboBoxDemoUITests;
			sourceTree = "<group>";
		};
		7507084B1DF80AE000D21D49 /* View */ = {
			isa = PBXGroup;
			children = (
				750708B61DF93B2E00D21D49 /* PopupView */,
				7507085C1DF8EA0500D21D49 /* MMDropDownBox.h */,
				7507085D1DF8EA0500D21D49 /* MMDropDownBox.m */,
				7507085F1DF8EA2600D21D49 /* MMComBoBoxView.h */,
				750708601DF8EA2600D21D49 /* MMComBoBoxView.m */,
			);
			name = View;
			sourceTree = "<group>";
		};
		7507084F1DF80B6C00D21D49 /* Model */ = {
			isa = PBXGroup;
			children = (
				75F760AE1E03D4AE00487438 /* MMLayout.h */,
				75F760AF1E03D4AE00487438 /* MMLayout.m */,
				750708561DF80D5C00D21D49 /* MMBaseItem.h */,
				750708571DF80D5C00D21D49 /* MMBaseItem.m */,
				750708531DF80BBF00D21D49 /* MMItem.h */,
				750708541DF80BBF00D21D49 /* MMItem.m */,
				750708591DF810F800D21D49 /* MMAlternativeItem.h */,
				7507085A1DF810F800D21D49 /* MMAlternativeItem.m */,
				7547C6881E00D6BC00DD0398 /* MMSelectedPath.h */,
				7547C6891E00D6BC00DD0398 /* MMSelectedPath.m */,
			);
			name = Model;
			sourceTree = "<group>";
		};
		7507086B1DF8EAFD00D21D49 /* MMCategory */ = {
			isa = PBXGroup;
			children = (
				7507086E1DF8EAFD00D21D49 /* UIColor+Extension.h */,
				7507086F1DF8EAFD00D21D49 /* UIColor+Extension.m */,
				750708701DF8EAFD00D21D49 /* UIView+Extension.h */,
				750708711DF8EAFD00D21D49 /* UIView+Extension.m */,
			);
			path = MMCategory;
			sourceTree = "<group>";
		};
		750708721DF8EAFD00D21D49 /* MMHeader */ = {
			isa = PBXGroup;
			children = (
				750708731DF8EAFD00D21D49 /* MMHeader.h */,
			);
			path = MMHeader;
			sourceTree = "<group>";
		};
		750708B61DF93B2E00D21D49 /* PopupView */ = {
			isa = PBXGroup;
			children = (
				7507084C1DF80B1F00D21D49 /* MMBasePopupView.h */,
				7507084D1DF80B1F00D21D49 /* MMBasePopupView.m */,
				750708B71DF94A9400D21D49 /* MMSingleFitlerView.h */,
				750708B81DF94A9400D21D49 /* MMSingleFitlerView.m */,
				750708BA1DF94AD100D21D49 /* MMMultiFitlerView.h */,
				750708BB1DF94AD100D21D49 /* MMMultiFitlerView.m */,
				750708BD1DF94B1900D21D49 /* MMCombinationFitlerView.h */,
				750708BE1DF94B1900D21D49 /* MMCombinationFitlerView.m */,
				750708C01DFA816500D21D49 /* MMNormalCell.h */,
				750708C11DFA816500D21D49 /* MMNormalCell.m */,
				750708CA1DFFC91300D21D49 /* MMLeftCell.h */,
				750708CB1DFFC91400D21D49 /* MMLeftCell.m */,
				75F9B33F1E08BA9B00E12FF3 /* MMCombineCell.h */,
				75F9B3401E08BA9B00E12FF3 /* MMCombineCell.m */,
				75F9B3421E08C01700E12FF3 /* MMHeaderView.h */,
				75F9B3431E08C01700E12FF3 /* MMHeaderView.m */,
			);
			name = PopupView;
			sourceTree = "<group>";
		};
		750708C31DFA858E00D21D49 /* Image */ = {
			isa = PBXGroup;
			children = (
				755759421E0BD210009B8E96 /* 1.jpg */,
				750708C61DFE490E00D21D49 /* pullup.png */,
				750708C71DFE490E00D21D49 /* pulldown.png */,
				750708C41DFA859600D21D49 /* list_selected@2x.png */,
			);
			name = Image;
			sourceTree = "<group>";
		};
/* End PBXGroup section */

/* Begin PBXNativeTarget section */
		750708141DF80A7700D21D49 /* MMComboBoxDemo */ = {
			isa = PBXNativeTarget;
			buildConfigurationList = 750708421DF80A7700D21D49 /* Build configuration list for PBXNativeTarget "MMComboBoxDemo" */;
			buildPhases = (
				750708111DF80A7700D21D49 /* Sources */,
				750708121DF80A7700D21D49 /* Frameworks */,
				750708131DF80A7700D21D49 /* Resources */,
			);
			buildRules = (
			);
			dependencies = (
			);
			name = MMComboBoxDemo;
			productName = MMComboBoxDemo;
			productReference = 750708151DF80A7700D21D49 /* MMComboBoxDemo.app */;
			productType = "com.apple.product-type.application";
		};
		7507082D1DF80A7700D21D49 /* MMComboBoxDemoTests */ = {
			isa = PBXNativeTarget;
			buildConfigurationList = 750708451DF80A7700D21D49 /* Build configuration list for PBXNativeTarget "MMComboBoxDemoTests" */;
			buildPhases = (
				7507082A1DF80A7700D21D49 /* Sources */,
				7507082B1DF80A7700D21D49 /* Frameworks */,
				7507082C1DF80A7700D21D49 /* Resources */,
			);
			buildRules = (
			);
			dependencies = (
				750708301DF80A7700D21D49 /* PBXTargetDependency */,
			);
			name = MMComboBoxDemoTests;
			productName = MMComboBoxDemoTests;
			productReference = 7507082E1DF80A7700D21D49 /* MMComboBoxDemoTests.xctest */;
			productType = "com.apple.product-type.bundle.unit-test";
		};
		750708381DF80A7700D21D49 /* MMComboBoxDemoUITests */ = {
			isa = PBXNativeTarget;
			buildConfigurationList = 750708481DF80A7700D21D49 /* Build configuration list for PBXNativeTarget "MMComboBoxDemoUITests" */;
			buildPhases = (
				750708351DF80A7700D21D49 /* Sources */,
				750708361DF80A7700D21D49 /* Frameworks */,
				750708371DF80A7700D21D49 /* Resources */,
			);
			buildRules = (
			);
			dependencies = (
				7507083B1DF80A7700D21D49 /* PBXTargetDependency */,
			);
			name = MMComboBoxDemoUITests;
			productName = MMComboBoxDemoUITests;
			productReference = 750708391DF80A7700D21D49 /* MMComboBoxDemoUITests.xctest */;
			productType = "com.apple.product-type.bundle.ui-testing";
		};
/* End PBXNativeTarget section */

/* Begin PBXProject section */
		7507080D1DF80A7700D21D49 /* Project object */ = {
			isa = PBXProject;
			attributes = {
				LastUpgradeCheck = 0810;
				ORGANIZATIONNAME = wyy;
				TargetAttributes = {
					750708141DF80A7700D21D49 = {
						CreatedOnToolsVersion = 8.1;
						DevelopmentTeam = 65Y8F76Y6Z;
						ProvisioningStyle = Automatic;
					};
					7507082D1DF80A7700D21D49 = {
						CreatedOnToolsVersion = 8.1;
						DevelopmentTeam = 65Y8F76Y6Z;
						ProvisioningStyle = Automatic;
						TestTargetID = 750708141DF80A7700D21D49;
					};
					750708381DF80A7700D21D49 = {
						CreatedOnToolsVersion = 8.1;
						DevelopmentTeam = 65Y8F76Y6Z;
						ProvisioningStyle = Automatic;
						TestTargetID = 750708141DF80A7700D21D49;
					};
				};
			};
			buildConfigurationList = 750708101DF80A7700D21D49 /* Build configuration list for PBXProject "MMComboBoxDemo" */;
			compatibilityVersion = "Xcode 3.2";
			developmentRegion = English;
			hasScannedForEncodings = 0;
			knownRegions = (
				en,
				Base,
			);
			mainGroup = 7507080C1DF80A7700D21D49;
			productRefGroup = 750708161DF80A7700D21D49 /* Products */;
			projectDirPath = "";
			projectRoot = "";
			targets = (
				750708141DF80A7700D21D49 /* MMComboBoxDemo */,
				7507082D1DF80A7700D21D49 /* MMComboBoxDemoTests */,
				750708381DF80A7700D21D49 /* MMComboBoxDemoUITests */,
			);
		};
/* End PBXProject section */

/* Begin PBXResourcesBuildPhase section */
		750708131DF80A7700D21D49 /* Resources */ = {
			isa = PBXResourcesBuildPhase;
			buildActionMask = 2147483647;
			files = (
				755759431E0BD210009B8E96 /* 1.jpg in Resources */,
				750708281DF80A7700D21D49 /* LaunchScreen.storyboard in Resources */,
				750708C91DFE490E00D21D49 /* pulldown.png in Resources */,
				750708C51DFA859600D21D49 /* list_selected@2x.png in Resources */,
				750708251DF80A7700D21D49 /* Assets.xcassets in Resources */,
				750708C81DFE490E00D21D49 /* pullup.png in Resources */,
				750708231DF80A7700D21D49 /* Main.storyboard in Resources */,
			);
			runOnlyForDeploymentPostprocessing = 0;
		};
		7507082C1DF80A7700D21D49 /* Resources */ = {
			isa = PBXResourcesBuildPhase;
			buildActionMask = 2147483647;
			files = (
			);
			runOnlyForDeploymentPostprocessing = 0;
		};
		750708371DF80A7700D21D49 /* Resources */ = {
			isa = PBXResourcesBuildPhase;
			buildActionMask = 2147483647;
			files = (
			);
			runOnlyForDeploymentPostprocessing = 0;
		};
/* End PBXResourcesBuildPhase section */

/* Begin PBXSourcesBuildPhase section */
		750708111DF80A7700D21D49 /* Sources */ = {
			isa = PBXSourcesBuildPhase;
			buildActionMask = 2147483647;
			files = (
				7507085B1DF810F800D21D49 /* MMAlternativeItem.m in Sources */,
				75F9B3411E08BA9B00E12FF3 /* MMCombineCell.m in Sources */,
				75F9B3441E08C01700E12FF3 /* MMHeaderView.m in Sources */,
				750708611DF8EA2600D21D49 /* MMComBoBoxView.m in Sources */,
				7507084E1DF80B1F00D21D49 /* MMBasePopupView.m in Sources */,
				7507085E1DF8EA0500D21D49 /* MMDropDownBox.m in Sources */,
				750708751DF8EAFD00D21D49 /* UIColor+Extension.m in Sources */,
				7547C68A1E00D6BC00DD0398 /* MMSelectedPath.m in Sources */,
				750708761DF8EAFD00D21D49 /* UIView+Extension.m in Sources */,
				750708201DF80A7700D21D49 /* ViewController.m in Sources */,
				750708BF1DF94B1900D21D49 /* MMCombinationFitlerView.m in Sources */,
				750708BC1DF94AD100D21D49 /* MMMultiFitlerView.m in Sources */,
				750708CC1DFFC91400D21D49 /* MMLeftCell.m in Sources */,
				75F760B01E03D4AE00487438 /* MMLayout.m in Sources */,
				7507081D1DF80A7700D21D49 /* AppDelegate.m in Sources */,
				750708B91DF94A9400D21D49 /* MMSingleFitlerView.m in Sources */,
				750708C21DFA816500D21D49 /* MMNormalCell.m in Sources */,
				750708581DF80D5C00D21D49 /* MMBaseItem.m in Sources */,
				7507081A1DF80A7700D21D49 /* main.m in Sources */,
				750708551DF80BBF00D21D49 /* MMItem.m in Sources */,
			);
			runOnlyForDeploymentPostprocessing = 0;
		};
		7507082A1DF80A7700D21D49 /* Sources */ = {
			isa = PBXSourcesBuildPhase;
			buildActionMask = 2147483647;
			files = (
				750708331DF80A7700D21D49 /* MMComboBoxDemoTests.m in Sources */,
			);
			runOnlyForDeploymentPostprocessing = 0;
		};
		750708351DF80A7700D21D49 /* Sources */ = {
			isa = PBXSourcesBuildPhase;
			buildActionMask = 2147483647;
			files = (
				7507083E1DF80A7700D21D49 /* MMComboBoxDemoUITests.m in Sources */,
			);
			runOnlyForDeploymentPostprocessing = 0;
		};
/* End PBXSourcesBuildPhase section */

/* Begin PBXTargetDependency section */
		750708301DF80A7700D21D49 /* PBXTargetDependency */ = {
			isa = PBXTargetDependency;
			target = 750708141DF80A7700D21D49 /* MMComboBoxDemo */;
			targetProxy = 7507082F1DF80A7700D21D49 /* PBXContainerItemProxy */;
		};
		7507083B1DF80A7700D21D49 /* PBXTargetDependency */ = {
			isa = PBXTargetDependency;
			target = 750708141DF80A7700D21D49 /* MMComboBoxDemo */;
			targetProxy = 7507083A1DF80A7700D21D49 /* PBXContainerItemProxy */;
		};
/* End PBXTargetDependency section */

/* Begin PBXVariantGroup section */
		750708211DF80A7700D21D49 /* Main.storyboard */ = {
			isa = PBXVariantGroup;
			children = (
				750708221DF80A7700D21D49 /* Base */,
			);
			name = Main.storyboard;
			sourceTree = "<group>";
		};
		750708261DF80A7700D21D49 /* LaunchScreen.storyboard */ = {
			isa = PBXVariantGroup;
			children = (
				750708271DF80A7700D21D49 /* Base */,
			);
			name = LaunchScreen.storyboard;
			sourceTree = "<group>";
		};
/* End PBXVariantGroup section */

/* Begin XCBuildConfiguration section */
		750708401DF80A7700D21D49 /* Debug */ = {
			isa = XCBuildConfiguration;
			buildSettings = {
				ALWAYS_SEARCH_USER_PATHS = NO;
				CLANG_ANALYZER_NONNULL = YES;
				CLANG_CXX_LANGUAGE_STANDARD = "gnu++0x";
				CLANG_CXX_LIBRARY = "libc++";
				CLANG_ENABLE_MODULES = YES;
				CLANG_ENABLE_OBJC_ARC = YES;
				CLANG_WARN_BOOL_CONVERSION = YES;
				CLANG_WARN_CONSTANT_CONVERSION = YES;
				CLANG_WARN_DIRECT_OBJC_ISA_USAGE = YES_ERROR;
				CLANG_WARN_DOCUMENTATION_COMMENTS = YES;
				CLANG_WARN_EMPTY_BODY = YES;
				CLANG_WARN_ENUM_CONVERSION = YES;
				CLANG_WARN_INFINITE_RECURSION = YES;
				CLANG_WARN_INT_CONVERSION = YES;
				CLANG_WARN_OBJC_ROOT_CLASS = YES_ERROR;
				CLANG_WARN_SUSPICIOUS_MOVES = YES;
				CLANG_WARN_UNREACHABLE_CODE = YES;
				CLANG_WARN__DUPLICATE_METHOD_MATCH = YES;
				"CODE_SIGN_IDENTITY[sdk=iphoneos*]" = "iPhone Developer";
				COPY_PHASE_STRIP = NO;
				DEBUG_INFORMATION_FORMAT = dwarf;
				ENABLE_STRICT_OBJC_MSGSEND = YES;
				ENABLE_TESTABILITY = YES;
				GCC_C_LANGUAGE_STANDARD = gnu99;
				GCC_DYNAMIC_NO_PIC = NO;
				GCC_NO_COMMON_BLOCKS = YES;
				GCC_OPTIMIZATION_LEVEL = 0;
				GCC_PREPROCESSOR_DEFINITIONS = (
					"DEBUG=1",
					"$(inherited)",
				);
				GCC_WARN_64_TO_32_BIT_CONVERSION = YES;
				GCC_WARN_ABOUT_RETURN_TYPE = YES_ERROR;
				GCC_WARN_UNDECLARED_SELECTOR = YES;
				GCC_WARN_UNINITIALIZED_AUTOS = YES_AGGRESSIVE;
				GCC_WARN_UNUSED_FUNCTION = YES;
				GCC_WARN_UNUSED_VARIABLE = YES;
				IPHONEOS_DEPLOYMENT_TARGET = 10.1;
				MTL_ENABLE_DEBUG_INFO = YES;
				ONLY_ACTIVE_ARCH = YES;
				SDKROOT = iphoneos;
				TARGETED_DEVICE_FAMILY = "1,2";
			};
			name = Debug;
		};
		750708411DF80A7700D21D49 /* Release */ = {
			isa = XCBuildConfiguration;
			buildSettings = {
				ALWAYS_SEARCH_USER_PATHS = NO;
				CLANG_ANALYZER_NONNULL = YES;
				CLANG_CXX_LANGUAGE_STANDARD = "gnu++0x";
				CLANG_CXX_LIBRARY = "libc++";
				CLANG_ENABLE_MODULES = YES;
				CLANG_ENABLE_OBJC_ARC = YES;
				CLANG_WARN_BOOL_CONVERSION = YES;
				CLANG_WARN_CONSTANT_CONVERSION = YES;
				CLANG_WARN_DIRECT_OBJC_ISA_USAGE = YES_ERROR;
				CLANG_WARN_DOCUMENTATION_COMMENTS = YES;
				CLANG_WARN_EMPTY_BODY = YES;
				CLANG_WARN_ENUM_CONVERSION = YES;
				CLANG_WARN_INFINITE_RECURSION = YES;
				CLANG_WARN_INT_CONVERSION = YES;
				CLANG_WARN_OBJC_ROOT_CLASS = YES_ERROR;
				CLANG_WARN_SUSPICIOUS_MOVES = YES;
				CLANG_WARN_UNREACHABLE_CODE = YES;
				CLANG_WARN__DUPLICATE_METHOD_MATCH = YES;
				"CODE_SIGN_IDENTITY[sdk=iphoneos*]" = "iPhone Developer";
				COPY_PHASE_STRIP = NO;
				DEBUG_INFORMATION_FORMAT = "dwarf-with-dsym";
				ENABLE_NS_ASSERTIONS = NO;
				ENABLE_STRICT_OBJC_MSGSEND = YES;
				GCC_C_LANGUAGE_STANDARD = gnu99;
				GCC_NO_COMMON_BLOCKS = YES;
				GCC_WARN_64_TO_32_BIT_CONVERSION = YES;
				GCC_WARN_ABOUT_RETURN_TYPE = YES_ERROR;
				GCC_WARN_UNDECLARED_SELECTOR = YES;
				GCC_WARN_UNINITIALIZED_AUTOS = YES_AGGRESSIVE;
				GCC_WARN_UNUSED_FUNCTION = YES;
				GCC_WARN_UNUSED_VARIABLE = YES;
				IPHONEOS_DEPLOYMENT_TARGET = 10.1;
				MTL_ENABLE_DEBUG_INFO = NO;
				SDKROOT = iphoneos;
				TARGETED_DEVICE_FAMILY = "1,2";
				VALIDATE_PRODUCT = YES;
			};
			name = Release;
		};
		750708431DF80A7700D21D49 /* Debug */ = {
			isa = XCBuildConfiguration;
			buildSettings = {
				ASSETCATALOG_COMPILER_APPICON_NAME = AppIcon;
				DEVELOPMENT_TEAM = 65Y8F76Y6Z;
				INFOPLIST_FILE = MMComboBoxDemo/Info.plist;
				LD_RUNPATH_SEARCH_PATHS = "$(inherited) @executable_path/Frameworks";
				PRODUCT_BUNDLE_IDENTIFIER = xw.MMComboBoxDemo;
				PRODUCT_NAME = "$(TARGET_NAME)";
			};
			name = Debug;
		};
		750708441DF80A7700D21D49 /* Release */ = {
			isa = XCBuildConfiguration;
			buildSettings = {
				ASSETCATALOG_COMPILER_APPICON_NAME = AppIcon;
				DEVELOPMENT_TEAM = 65Y8F76Y6Z;
				INFOPLIST_FILE = MMComboBoxDemo/Info.plist;
				LD_RUNPATH_SEARCH_PATHS = "$(inherited) @executable_path/Frameworks";
				PRODUCT_BUNDLE_IDENTIFIER = xw.MMComboBoxDemo;
				PRODUCT_NAME = "$(TARGET_NAME)";
			};
			name = Release;
		};
		750708461DF80A7700D21D49 /* Debug */ = {
			isa = XCBuildConfiguration;
			buildSettings = {
				BUNDLE_LOADER = "$(TEST_HOST)";
				DEVELOPMENT_TEAM = 65Y8F76Y6Z;
				INFOPLIST_FILE = MMComboBoxDemoTests/Info.plist;
				LD_RUNPATH_SEARCH_PATHS = "$(inherited) @executable_path/Frameworks @loader_path/Frameworks";
				PRODUCT_BUNDLE_IDENTIFIER = xw.MMComboBoxDemoTests;
				PRODUCT_NAME = "$(TARGET_NAME)";
				TEST_HOST = "$(BUILT_PRODUCTS_DIR)/MMComboBoxDemo.app/MMComboBoxDemo";
			};
			name = Debug;
		};
		750708471DF80A7700D21D49 /* Release */ = {
			isa = XCBuildConfiguration;
			buildSettings = {
				BUNDLE_LOADER = "$(TEST_HOST)";
				DEVELOPMENT_TEAM = 65Y8F76Y6Z;
				INFOPLIST_FILE = MMComboBoxDemoTests/Info.plist;
				LD_RUNPATH_SEARCH_PATHS = "$(inherited) @executable_path/Frameworks @loader_path/Frameworks";
				PRODUCT_BUNDLE_IDENTIFIER = xw.MMComboBoxDemoTests;
				PRODUCT_NAME = "$(TARGET_NAME)";
				TEST_HOST = "$(BUILT_PRODUCTS_DIR)/MMComboBoxDemo.app/MMComboBoxDemo";
			};
			name = Release;
		};
		750708491DF80A7700D21D49 /* Debug */ = {
			isa = XCBuildConfiguration;
			buildSettings = {
				DEVELOPMENT_TEAM = 65Y8F76Y6Z;
				INFOPLIST_FILE = MMComboBoxDemoUITests/Info.plist;
				LD_RUNPATH_SEARCH_PATHS = "$(inherited) @executable_path/Frameworks @loader_path/Frameworks";
				PRODUCT_BUNDLE_IDENTIFIER = xw.MMComboBoxDemoUITests;
				PRODUCT_NAME = "$(TARGET_NAME)";
				TEST_TARGET_NAME = MMComboBoxDemo;
			};
			name = Debug;
		};
		7507084A1DF80A7700D21D49 /* Release */ = {
			isa = XCBuildConfiguration;
			buildSettings = {
				DEVELOPMENT_TEAM = 65Y8F76Y6Z;
				INFOPLIST_FILE = MMComboBoxDemoUITests/Info.plist;
				LD_RUNPATH_SEARCH_PATHS = "$(inherited) @executable_path/Frameworks @loader_path/Frameworks";
				PRODUCT_BUNDLE_IDENTIFIER = xw.MMComboBoxDemoUITests;
				PRODUCT_NAME = "$(TARGET_NAME)";
				TEST_TARGET_NAME = MMComboBoxDemo;
			};
			name = Release;
		};
/* End XCBuildConfiguration section */

/* Begin XCConfigurationList section */
		750708101DF80A7700D21D49 /* Build configuration list for PBXProject "MMComboBoxDemo" */ = {
			isa = XCConfigurationList;
			buildConfigurations = (
				750708401DF80A7700D21D49 /* Debug */,
				750708411DF80A7700D21D49 /* Release */,
			);
			defaultConfigurationIsVisible = 0;
			defaultConfigurationName = Release;
		};
		750708421DF80A7700D21D49 /* Build configuration list for PBXNativeTarget "MMComboBoxDemo" */ = {
			isa = XCConfigurationList;
			buildConfigurations = (
				750708431DF80A7700D21D49 /* Debug */,
				750708441DF80A7700D21D49 /* Release */,
			);
			defaultConfigurationIsVisible = 0;
			defaultConfigurationName = Release;
		};
		750708451DF80A7700D21D49 /* Build configuration list for PBXNativeTarget "MMComboBoxDemoTests" */ = {
			isa = XCConfigurationList;
			buildConfigurations = (
				750708461DF80A7700D21D49 /* Debug */,
				750708471DF80A7700D21D49 /* Release */,
			);
			defaultConfigurationIsVisible = 0;
			defaultConfigurationName = Release;
		};
		750708481DF80A7700D21D49 /* Build configuration list for PBXNativeTarget "MMComboBoxDemoUITests" */ = {
			isa = XCConfigurationList;
			buildConfigurations = (
				750708491DF80A7700D21D49 /* Debug */,
				7507084A1DF80A7700D21D49 /* Release */,
			);
			defaultConfigurationIsVisible = 0;
			defaultConfigurationName = Release;
		};
/* End XCConfigurationList section */
	};
	rootObject = 7507080D1DF80A7700D21D49 /* Project object */;
}
